
Microsoft Visual Studio Solution File, Format Version 12.00
# Visual Studio 15
VisualStudioVersion = 15.0.28307.960
MinimumVisualStudioVersion = 10.0.40219.1
Project("{FAE04EC0-301F-11D3-BF4B-00C04F79EFBC}") = "task02-sort-array.cs", "task02-sort-array.cs.\task02-sort-array.cs.csproj", "{C14ADB60-7C0B-452D-ADB9-8C9307F4654F}"
EndProject
Global
	GlobalSection(SolutionConfigurationPlatforms) = preSolution
		Debug|Any CPU = Debug|Any CPU
		Release|Any CPU = Release|Any CPU
	EndGlobalSection
	GlobalSection(ProjectConfigurationPlatforms) = postSolution
		{C14ADB60-7C0B-452D-ADB9-8C9307F4654F}.Debug|Any CPU.ActiveCfg = Debug|Any CPU
		{C14ADB60-7C0B-452D-ADB9-8C9307F4654F}.Debug|Any CPU.Build.0 = Debug|Any CPU
		{C14ADB60-7C0B-452D-ADB9-8C9307F4654F}.Release|Any CPU.ActiveCfg = Release|Any CPU
		{C14ADB60-7C0B-452D-ADB9-8C9307F4654F}.Release|Any CPU.Build.0 = Release|Any CPU
	EndGlobalSection
	GlobalSection(SolutionProperties) = preSolution
		HideSolutionNode = FALSE
	EndGlobalSection
	GlobalSection(ExtensibilityGlobals) = postSolution
		SolutionGuid = {C2E96E25-4368-44D3-AF10-E251BC00C3A7}
	EndGlobalSection
EndGlobal
